{
  "requires": true,
  "lockfileVersion": 1,
  "dependencies": {
    "classname": {
      "version": "0.0.0",
      "resolved": "https://registry.npmjs.org/classname/-/classname-0.0.0.tgz",
      "integrity": "sha512-kkhsspEJdUW+VhuvNzb2sQf0KbafDPfd36dB1qf03Uu42dWZwMQzaQuyNkaRr5ir0ZiAN0+TlH/EOOfwb/aaXg=="
    },
    "classnames": {
      "version": "2.3.1",
      "resolved": "https://registry.npmjs.org/classnames/-/classnames-2.3.1.tgz",
      "integrity": "sha512-OlQdbZ7gLfGarSqxesMesDa5uz7KFbID8Kpq/SxIoNGDqY8lSYs0D+hhtBXhcdB3rcbXArFr7vlHheLk1voeNA=="
    }
  }
}
